
Microsoft Visual Studio Solution File, Format Version 12.00
# Visual Studio Version 17
VisualStudioVersion = 17.7.34031.279
MinimumVisualStudioVersion = 10.0.40219.1
Project("{8BC9CEB8-8B4A-11D0-8D11-00A0C91BC942}") = "Client", "Client\Client.vcxproj", "{B64D8AC0-0CCE-466A-830B-2AC1B293C250}"
EndProject
Global
	GlobalSection(SolutionConfigurationPlatforms) = preSolution
		Debug|x64 = Debug|x64
		Debug|x86 = Debug|x86
		Release|x64 = Release|x64
		Release|x86 = Release|x86
	EndGlobalSection
	GlobalSection(ProjectConfigurationPlatforms) = postSolution
		{B64D8AC0-0CCE-466A-830B-2AC1B293C250}.Debug|x64.ActiveCfg = Debug|x64
		{B64D8AC0-0CCE-466A-830B-2AC1B293C250}.Debug|x64.Build.0 = Debug|x64
		{B64D8AC0-0CCE-466A-830B-2AC1B293C250}.Debug|x86.ActiveCfg = Debug|Win32
		{B64D8AC0-0CCE-466A-830B-2AC1B293C250}.Debug|x86.Build.0 = Debug|Win32
		{B64D8AC0-0CCE-466A-830B-2AC1B293C250}.Release|x64.ActiveCfg = Release|x64
		{B64D8AC0-0CCE-466A-830B-2AC1B293C250}.Release|x64.Build.0 = Release|x64
		{B64D8AC0-0CCE-466A-830B-2AC1B293C250}.Release|x86.ActiveCfg = Release|Win32
		{B64D8AC0-0CCE-466A-830B-2AC1B293C250}.Release|x86.Build.0 = Release|Win32
	EndGlobalSection
	GlobalSection(SolutionProperties) = preSolution
		HideSolutionNode = FALSE
	EndGlobalSection
	GlobalSection(ExtensibilityGlobals) = postSolution
		SolutionGuid = {57E4A3FF-B1E9-4706-BF82-E6652EB87A36}
	EndGlobalSection
EndGlobal
